// !$*UTF8*$!
{
	archiveVersion = 1;
	classes = {
	};
	objectVersion = 46;
	objects = {

/* Begin PBXBuildFile section */
		028E095709733E95363825C5 /* Pods_CSGitSample.framework in Frameworks */ = {isa = PBXBuildFile; fileRef = 944CD35F03B88D8E0F611D1F /* Pods_CSGitSample.framework */; };
		83C05CD7204E499100C9554B /* HisModel.m in Sources */ = {isa = PBXBuildFile; fileRef = 83C05CD6204E499100C9554B /* HisModel.m */; };
		871FCD271F1C8B8700914082 /* main.m in Sources */ = {isa = PBXBuildFile; fileRef = 871FCD261F1C8B8700914082 /* main.m */; };
		871FCD2A1F1C8B8700914082 /* AppDelegate.m in Sources */ = {isa = PBXBuildFile; fileRef = 871FCD291F1C8B8700914082 /* AppDelegate.m */; };
		871FCD2D1F1C8B8700914082 /* ViewController.m in Sources */ = {isa = PBXBuildFile; fileRef = 871FCD2C1F1C8B8700914082 /* ViewController.m */; };
		871FCD301F1C8B8800914082 /* Main.storyboard in Resources */ = {isa = PBXBuildFile; fileRef = 871FCD2E1F1C8B8800914082 /* Main.storyboard */; };
		871FCD321F1C8B8800914082 /* Assets.xcassets in Resources */ = {isa = PBXBuildFile; fileRef = 871FCD311F1C8B8800914082 /* Assets.xcassets */; };
		871FCD351F1C8B8800914082 /* LaunchScreen.storyboard in Resources */ = {isa = PBXBuildFile; fileRef = 871FCD331F1C8B8800914082 /* LaunchScreen.storyboard */; };
/* End PBXBuildFile section */

/* Begin PBXFileReference section */
		60B2F9A5AAADDF34989A7818 /* Pods-CSGitSample.release.xcconfig */ = {isa = PBXFileReference; includeInIndex = 1; lastKnownFileType = text.xcconfig; name = "Pods-CSGitSample.release.xcconfig"; path = "Pods/Target Support Files/Pods-CSGitSample/Pods-CSGitSample.release.xcconfig"; sourceTree = "<group>"; };
		83C05CD5204E499100C9554B /* HisModel.h */ = {isa = PBXFileReference; lastKnownFileType = sourcecode.c.h; path = HisModel.h; sourceTree = "<group>"; };
		83C05CD6204E499100C9554B /* HisModel.m */ = {isa = PBXFileReference; lastKnownFileType = sourcecode.c.objc; path = HisModel.m; sourceTree = "<group>"; };
		871FCD221F1C8B8700914082 /* CSGitSample.app */ = {isa = PBXFileReference; explicitFileType = wrapper.application; includeInIndex = 0; path = CSGitSample.app; sourceTree = BUILT_PRODUCTS_DIR; };
		871FCD261F1C8B8700914082 /* main.m */ = {isa = PBXFileReference; lastKnownFileType = sourcecode.c.objc; path = main.m; sourceTree = "<group>"; };
		871FCD281F1C8B8700914082 /* AppDelegate.h */ = {isa = PBXFileReference; lastKnownFileType = sourcecode.c.h; path = AppDelegate.h; sourceTree = "<group>"; };
		871FCD291F1C8B8700914082 /* AppDelegate.m */ = {isa = PBXFileReference; lastKnownFileType = sourcecode.c.objc; path = AppDelegate.m; sourceTree = "<group>"; };
		871FCD2B1F1C8B8700914082 /* ViewController.h */ = {isa = PBXFileReference; lastKnownFileType = sourcecode.c.h; path = ViewController.h; sourceTree = "<group>"; };
		871FCD2C1F1C8B8700914082 /* ViewController.m */ = {isa = PBXFileReference; lastKnownFileType = sourcecode.c.objc; path = ViewController.m; sourceTree = "<group>"; };
		871FCD2F1F1C8B8800914082 /* Base */ = {isa = PBXFileReference; lastKnownFileType = file.storyboard; name = Base; path = Base.lproj/Main.storyboard; sourceTree = "<group>"; };
		871FCD311F1C8B8800914082 /* Assets.xcassets */ = {isa = PBXFileReference; lastKnownFileType = folder.assetcatalog; path = Assets.xcassets; sourceTree = "<group>"; };
		871FCD341F1C8B8800914082 /* Base */ = {isa = PBXFileReference; lastKnownFileType = file.storyboard; name = Base; path = Base.lproj/LaunchScreen.storyboard; sourceTree = "<group>"; };
		871FCD361F1C8B8800914082 /* Info.plist */ = {isa = PBXFileReference; lastKnownFileType = text.plist.xml; path = Info.plist; sourceTree = "<group>"; };
		944CD35F03B88D8E0F611D1F /* Pods_CSGitSample.framework */ = {isa = PBXFileReference; explicitFileType = wrapper.framework; includeInIndex = 0; path = Pods_CSGitSample.framework; sourceTree = BUILT_PRODUCTS_DIR; };
		EC58B3670D91F32C2A991003 /* Pods-CSGitSample.debug.xcconfig */ = {isa = PBXFileReference; includeInIndex = 1; lastKnownFileType = text.xcconfig; name = "Pods-CSGitSample.debug.xcconfig"; path = "Pods/Target Support Files/Pods-CSGitSample/Pods-CSGitSample.debug.xcconfig"; sourceTree = "<group>"; };
/* End PBXFileReference section */

/* Begin PBXFrameworksBuildPhase section */
		871FCD1F1F1C8B8700914082 /* Frameworks */ = {
			isa = PBXFrameworksBuildPhase;
			buildActionMask = 2147483647;
			files = (
				028E095709733E95363825C5 /* Pods_CSGitSample.framework in Frameworks */,
			);
			runOnlyForDeploymentPostprocessing = 0;
		};
/* End PBXFrameworksBuildPhase section */

/* Begin PBXGroup section */
		8652295F59B033CC18AACCE2 /* Frameworks */ = {
			isa = PBXGroup;
			children = (
				944CD35F03B88D8E0F611D1F /* Pods_CSGitSample.framework */,
			);
			name = Frameworks;
			sourceTree = "<group>";
		};
		871FCD191F1C8B8700914082 = {
			isa = PBXGroup;
			children = (
				871FCD241F1C8B8700914082 /* CSGitSample */,
				871FCD231F1C8B8700914082 /* Products */,
				B892C642E7511D89FA2EDC00 /* Pods */,
				8652295F59B033CC18AACCE2 /* Frameworks */,
			);
			sourceTree = "<group>";
		};
		871FCD231F1C8B8700914082 /* Products */ = {
			isa = PBXGroup;
			children = (
				871FCD221F1C8B8700914082 /* CSGitSample.app */,
			);
			name = Products;
			sourceTree = "<group>";
		};
		871FCD241F1C8B8700914082 /* CSGitSample */ = {
			isa = PBXGroup;
			children = (
				871FCD281F1C8B8700914082 /* AppDelegate.h */,
				871FCD291F1C8B8700914082 /* AppDelegate.m */,
				871FCD2B1F1C8B8700914082 /* ViewController.h */,
				871FCD2C1F1C8B8700914082 /* ViewController.m */,
				871FCD2E1F1C8B8800914082 /* Main.storyboard */,
				871FCD311F1C8B8800914082 /* Assets.xcassets */,
				871FCD331F1C8B8800914082 /* LaunchScreen.storyboard */,
				871FCD361F1C8B8800914082 /* Info.plist */,
				871FCD251F1C8B8700914082 /* Supporting Files */,
				83C05CD5204E499100C9554B /* HisModel.h */,
				83C05CD6204E499100C9554B /* HisModel.m */,
			);
			path = CSGitSample;
			sourceTree = "<group>";
		};
		871FCD251F1C8B8700914082 /* Supporting Files */ = {
			isa = PBXGroup;
			children = (
				871FCD261F1C8B8700914082 /* main.m */,
			);
			name = "Supporting Files";
			sourceTree = "<group>";
		};
		B892C642E7511D89FA2EDC00 /* Pods */ = {
			isa = PBXGroup;
			children = (
				EC58B3670D91F32C2A991003 /* Pods-CSGitSample.debug.xcconfig */,
				60B2F9A5AAADDF34989A7818 /* Pods-CSGitSample.release.xcconfig */,
			);
			name = Pods;
			sourceTree = "<group>";
		};
/* End PBXGroup section */

/* Begin PBXNativeTarget section */
		871FCD211F1C8B8700914082 /* CSGitSample */ = {
			isa = PBXNativeTarget;
			buildConfigurationList = 871FCD391F1C8B8800914082 /* Build configuration list for PBXNativeTarget "CSGitSample" */;
			buildPhases = (
				DEF854D7B736DE16905EC5ED /* [CP] Check Pods Manifest.lock */,
				871FCD1E1F1C8B8700914082 /* Sources */,
				871FCD1F1F1C8B8700914082 /* Frameworks */,
				871FCD201F1C8B8700914082 /* Resources */,
				2FFEAEE4CA9C2835CC7C7A39 /* [CP] Embed Pods Frameworks */,
				4065511E5D1844E88BD4D24A /* [CP] Copy Pods Resources */,
			);
			buildRules = (
			);
			dependencies = (
			);
			name = CSGitSample;
			productName = CSGitSample;
			productReference = 871FCD221F1C8B8700914082 /* CSGitSample.app */;
			productType = "com.apple.product-type.application";
		};
/* End PBXNativeTarget section */

/* Begin PBXProject section */
		871FCD1A1F1C8B8700914082 /* Project object */ = {
			isa = PBXProject;
			attributes = {
				LastUpgradeCheck = 0830;
				ORGANIZATIONNAME = sifb;
				TargetAttributes = {
					871FCD211F1C8B8700914082 = {
						CreatedOnToolsVersion = 8.3.2;
						DevelopmentTeam = 54QNHN89AF;
						ProvisioningStyle = Automatic;
					};
				};
			};
			buildConfigurationList = 871FCD1D1F1C8B8700914082 /* Build configuration list for PBXProject "CSGitSample" */;
			compatibilityVersion = "Xcode 3.2";
			developmentRegion = English;
			hasScannedForEncodings = 0;
			knownRegions = (
				en,
				Base,
			);
			mainGroup = 871FCD191F1C8B8700914082;
			productRefGroup = 871FCD231F1C8B8700914082 /* Products */;
			projectDirPath = "";
			projectRoot = "";
			targets = (
				871FCD211F1C8B8700914082 /* CSGitSample */,
			);
		};
/* End PBXProject section */

/* Begin PBXResourcesBuildPhase section */
		871FCD201F1C8B8700914082 /* Resources */ = {
			isa = PBXResourcesBuildPhase;
			buildActionMask = 2147483647;
			files = (
				871FCD351F1C8B8800914082 /* LaunchScreen.storyboard in Resources */,
				871FCD321F1C8B8800914082 /* Assets.xcassets in Resources */,
				871FCD301F1C8B8800914082 /* Main.storyboard in Resources */,
			);
			runOnlyForDeploymentPostprocessing = 0;
		};
/* End PBXResourcesBuildPhase section */

/* Begin PBXShellScriptBuildPhase section */
		2FFEAEE4CA9C2835CC7C7A39 /* [CP] Embed Pods Frameworks */ = {
			isa = PBXShellScriptBuildPhase;
			buildActionMask = 2147483647;
			files = (
			);
			inputPaths = (
				"${SRCROOT}/Pods/Target Support Files/Pods-CSGitSample/Pods-CSGitSample-frameworks.sh",
				"${BUILT_PRODUCTS_DIR}/JSONModel/JSONModel.framework",
				"${BUILT_PRODUCTS_DIR}/SVProgressHUD/SVProgressHUD.framework",
			);
			name = "[CP] Embed Pods Frameworks";
			outputPaths = (
				"${TARGET_BUILD_DIR}/${FRAMEWORKS_FOLDER_PATH}/JSONModel.framework",
				"${TARGET_BUILD_DIR}/${FRAMEWORKS_FOLDER_PATH}/SVProgressHUD.framework",
			);
			runOnlyForDeploymentPostprocessing = 0;
			shellPath = /bin/sh;
			shellScript = "\"${SRCROOT}/Pods/Target Support Files/Pods-CSGitSample/Pods-CSGitSample-frameworks.sh\"\n";
			showEnvVarsInLog = 0;
		};
		4065511E5D1844E88BD4D24A /* [CP] Copy Pods Resources */ = {
			isa = PBXShellScriptBuildPhase;
			buildActionMask = 2147483647;
			files = (
			);
			inputPaths = (
			);
			name = "[CP] Copy Pods Resources";
			outputPaths = (
			);
			runOnlyForDeploymentPostprocessing = 0;
			shellPath = /bin/sh;
			shellScript = "\"${SRCROOT}/Pods/Target Support Files/Pods-CSGitSample/Pods-CSGitSample-resources.sh\"\n";
			showEnvVarsInLog = 0;
		};
		DEF854D7B736DE16905EC5ED /* [CP] Check Pods Manifest.lock */ = {
			isa = PBXShellScriptBuildPhase;
			buildActionMask = 2147483647;
			files = (
			);
			inputPaths = (
				"${PODS_PODFILE_DIR_PATH}/Podfile.lock",
				"${PODS_ROOT}/Manifest.lock",
			);
			name = "[CP] Check Pods Manifest.lock";
			outputPaths = (
				"$(DERIVED_FILE_DIR)/Pods-CSGitSample-checkManifestLockResult.txt",
			);
			runOnlyForDeploymentPostprocessing = 0;
			shellPath = /bin/sh;
			shellScript = "diff \"${PODS_PODFILE_DIR_PATH}/Podfile.lock\" \"${PODS_ROOT}/Manifest.lock\" > /dev/null\nif [ $? != 0 ] ; then\n    # print error to STDERR\n    echo \"error: The sandbox is not in sync with the Podfile.lock. Run 'pod install' or update your CocoaPods installation.\" >&2\n    exit 1\nfi\n# This output is used by Xcode 'outputs' to avoid re-running this script phase.\necho \"SUCCESS\" > \"${SCRIPT_OUTPUT_FILE_0}\"\n";
			showEnvVarsInLog = 0;
		};
/* End PBXShellScriptBuildPhase section */

/* Begin PBXSourcesBuildPhase section */
		871FCD1E1F1C8B8700914082 /* Sources */ = {
			isa = PBXSourcesBuildPhase;
			buildActionMask = 2147483647;
			files = (
				871FCD2D1F1C8B8700914082 /* ViewController.m in Sources */,
				871FCD2A1F1C8B8700914082 /* AppDelegate.m in Sources */,
				83C05CD7204E499100C9554B /* HisModel.m in Sources */,
				871FCD271F1C8B8700914082 /* main.m in Sources */,
			);
			runOnlyForDeploymentPostprocessing = 0;
		};
/* End PBXSourcesBuildPhase section */

/* Begin PBXVariantGroup section */
		871FCD2E1F1C8B8800914082 /* Main.storyboard */ = {
			isa = PBXVariantGroup;
			children = (
				871FCD2F1F1C8B8800914082 /* Base */,
			);
			name = Main.storyboard;
			sourceTree = "<group>";
		};
		871FCD331F1C8B8800914082 /* LaunchScreen.storyboard */ = {
			isa = PBXVariantGroup;
			children = (
				871FCD341F1C8B8800914082 /* Base */,
			);
			name = LaunchScreen.storyboard;
			sourceTree = "<group>";
		};
/* End PBXVariantGroup section */

/* Begin XCBuildConfiguration section */
		871FCD371F1C8B8800914082 /* Debug */ = {
			isa = XCBuildConfiguration;
			buildSettings = {
				ALWAYS_SEARCH_USER_PATHS = NO;
				CLANG_ANALYZER_NONNULL = YES;
				CLANG_ANALYZER_NUMBER_OBJECT_CONVERSION = YES_AGGRESSIVE;
				CLANG_CXX_LANGUAGE_STANDARD = "gnu++0x";
				CLANG_CXX_LIBRARY = "libc++";
				CLANG_ENABLE_MODULES = YES;
				CLANG_ENABLE_OBJC_ARC = YES;
				CLANG_WARN_BOOL_CONVERSION = YES;
				CLANG_WARN_CONSTANT_CONVERSION = YES;
				CLANG_WARN_DIRECT_OBJC_ISA_USAGE = YES_ERROR;
				CLANG_WARN_DOCUMENTATION_COMMENTS = YES;
				CLANG_WARN_EMPTY_BODY = YES;
				CLANG_WARN_ENUM_CONVERSION = YES;
				CLANG_WARN_INFINITE_RECURSION = YES;
				CLANG_WARN_INT_CONVERSION = YES;
				CLANG_WARN_OBJC_ROOT_CLASS = YES_ERROR;
				CLANG_WARN_SUSPICIOUS_MOVE = YES;
				CLANG_WARN_UNREACHABLE_CODE = YES;
				CLANG_WARN__DUPLICATE_METHOD_MATCH = YES;
				"CODE_SIGN_IDENTITY[sdk=iphoneos*]" = "iPhone Developer";
				COPY_PHASE_STRIP = NO;
				DEBUG_INFORMATION_FORMAT = dwarf;
				ENABLE_STRICT_OBJC_MSGSEND = YES;
				ENABLE_TESTABILITY = YES;
				GCC_C_LANGUAGE_STANDARD = gnu99;
				GCC_DYNAMIC_NO_PIC = NO;
				GCC_NO_COMMON_BLOCKS = YES;
				GCC_OPTIMIZATION_LEVEL = 0;
				GCC_PREPROCESSOR_DEFINITIONS = (
					"DEBUG=1",
					"$(inherited)",
				);
				GCC_WARN_64_TO_32_BIT_CONVERSION = YES;
				GCC_WARN_ABOUT_RETURN_TYPE = YES_ERROR;
				GCC_WARN_UNDECLARED_SELECTOR = YES;
				GCC_WARN_UNINITIALIZED_AUTOS = YES_AGGRESSIVE;
				GCC_WARN_UNUSED_FUNCTION = YES;
				GCC_WARN_UNUSED_VARIABLE = YES;
				IPHONEOS_DEPLOYMENT_TARGET = 10.3;
				MTL_ENABLE_DEBUG_INFO = YES;
				ONLY_ACTIVE_ARCH = YES;
				SDKROOT = iphoneos;
				TARGETED_DEVICE_FAMILY = "1,2";
			};
			name = Debug;
		};
		871FCD381F1C8B8800914082 /* Release */ = {
			isa = XCBuildConfiguration;
			buildSettings = {
				ALWAYS_SEARCH_USER_PATHS = NO;
				CLANG_ANALYZER_NONNULL = YES;
				CLANG_ANALYZER_NUMBER_OBJECT_CONVERSION = YES_AGGRESSIVE;
				CLANG_CXX_LANGUAGE_STANDARD = "gnu++0x";
				CLANG_CXX_LIBRARY = "libc++";
				CLANG_ENABLE_MODULES = YES;
				CLANG_ENABLE_OBJC_ARC = YES;
				CLANG_WARN_BOOL_CONVERSION = YES;
				CLANG_WARN_CONSTANT_CONVERSION = YES;
				CLANG_WARN_DIRECT_OBJC_ISA_USAGE = YES_ERROR;
				CLANG_WARN_DOCUMENTATION_COMMENTS = YES;
				CLANG_WARN_EMPTY_BODY = YES;
				CLANG_WARN_ENUM_CONVERSION = YES;
				CLANG_WARN_INFINITE_RECURSION = YES;
				CLANG_WARN_INT_CONVERSION = YES;
				CLANG_WARN_OBJC_ROOT_CLASS = YES_ERROR;
				CLANG_WARN_SUSPICIOUS_MOVE = YES;
				CLANG_WARN_UNREACHABLE_CODE = YES;
				CLANG_WARN__DUPLICATE_METHOD_MATCH = YES;
				"CODE_SIGN_IDENTITY[sdk=iphoneos*]" = "iPhone Developer";
				COPY_PHASE_STRIP = NO;
				DEBUG_INFORMATION_FORMAT = "dwarf-with-dsym";
				ENABLE_NS_ASSERTIONS = NO;
				ENABLE_STRICT_OBJC_MSGSEND = YES;
				GCC_C_LANGUAGE_STANDARD = gnu99;
				GCC_NO_COMMON_BLOCKS = YES;
				GCC_WARN_64_TO_32_BIT_CONVERSION = YES;
				GCC_WARN_ABOUT_RETURN_TYPE = YES_ERROR;
				GCC_WARN_UNDECLARED_SELECTOR = YES;
				GCC_WARN_UNINITIALIZED_AUTOS = YES_AGGRESSIVE;
				GCC_WARN_UNUSED_FUNCTION = YES;
				GCC_WARN_UNUSED_VARIABLE = YES;
				IPHONEOS_DEPLOYMENT_TARGET = 10.3;
				MTL_ENABLE_DEBUG_INFO = NO;
				SDKROOT = iphoneos;
				TARGETED_DEVICE_FAMILY = "1,2";
				VALIDATE_PRODUCT = YES;
			};
			name = Release;
		};
		871FCD3A1F1C8B8800914082 /* Debug */ = {
			isa = XCBuildConfiguration;
			baseConfigurationReference = EC58B3670D91F32C2A991003 /* Pods-CSGitSample.debug.xcconfig */;
			buildSettings = {
				ASSETCATALOG_COMPILER_APPICON_NAME = AppIcon;
				DEVELOPMENT_TEAM = 54QNHN89AF;
				INFOPLIST_FILE = CSGitSample/Info.plist;
				LD_RUNPATH_SEARCH_PATHS = "$(inherited) @executable_path/Frameworks";
				PRODUCT_BUNDLE_IDENTIFIER = "com.silverlake.-UsingSwiftWithObjC.CSGitSample";
				PRODUCT_NAME = "$(TARGET_NAME)";
			};
			name = Debug;
		};
		871FCD3B1F1C8B8800914082 /* Release */ = {
			isa = XCBuildConfiguration;
			baseConfigurationReference = 60B2F9A5AAADDF34989A7818 /* Pods-CSGitSample.release.xcconfig */;
			buildSettings = {
				ASSETCATALOG_COMPILER_APPICON_NAME = AppIcon;
				DEVELOPMENT_TEAM = 54QNHN89AF;
				INFOPLIST_FILE = CSGitSample/Info.plist;
				LD_RUNPATH_SEARCH_PATHS = "$(inherited) @executable_path/Frameworks";
				PRODUCT_BUNDLE_IDENTIFIER = "com.silverlake.-UsingSwiftWithObjC.CSGitSample";
				PRODUCT_NAME = "$(TARGET_NAME)";
			};
			name = Release;
		};
/* End XCBuildConfiguration section */

/* Begin XCConfigurationList section */
		871FCD1D1F1C8B8700914082 /* Build configuration list for PBXProject "CSGitSample" */ = {
			isa = XCConfigurationList;
			buildConfigurations = (
				871FCD371F1C8B8800914082 /* Debug */,
				871FCD381F1C8B8800914082 /* Release */,
			);
			defaultConfigurationIsVisible = 0;
			defaultConfigurationName = Release;
		};
		871FCD391F1C8B8800914082 /* Build configuration list for PBXNativeTarget "CSGitSample" */ = {
			isa = XCConfigurationList;
			buildConfigurations = (
				871FCD3A1F1C8B8800914082 /* Debug */,
				871FCD3B1F1C8B8800914082 /* Release */,
			);
			defaultConfigurationIsVisible = 0;
			defaultConfigurationName = Release;
		};
/* End XCConfigurationList section */
	};
	rootObject = 871FCD1A1F1C8B8700914082 /* Project object */;
}
